
Microsoft Visual Studio Solution File, Format Version 12.00
# Visual Studio Version 17
VisualStudioVersion = 17.6.33801.468
MinimumVisualStudioVersion = 10.0.40219.1
Project("{FAE04EC0-301F-11D3-BF4B-00C04F79EFBC}") = "DiceRoller", "DiceRoller\DiceRoller.csproj", "{343B416F-6723-47C8-AD40-55A004FD190E}"
EndProject
Global
	GlobalSection(SolutionConfigurationPlatforms) = preSolution
		Debug|Any CPU = Debug|Any CPU
		Release|Any CPU = Release|Any CPU
	EndGlobalSection
	GlobalSection(ProjectConfigurationPlatforms) = postSolution
		{343B416F-6723-47C8-AD40-55A004FD190E}.Debug|Any CPU.ActiveCfg = Debug|Any CPU
		{343B416F-6723-47C8-AD40-55A004FD190E}.Debug|Any CPU.Build.0 = Debug|Any CPU
		{343B416F-6723-47C8-AD40-55A004FD190E}.Release|Any CPU.ActiveCfg = Release|Any CPU
		{343B416F-6723-47C8-AD40-55A004FD190E}.Release|Any CPU.Build.0 = Release|Any CPU
	EndGlobalSection
	GlobalSection(SolutionProperties) = preSolution
		HideSolutionNode = FALSE
	EndGlobalSection
	GlobalSection(ExtensibilityGlobals) = postSolution
		SolutionGuid = {8AB0536E-8AC2-45C7-9F3A-AA143E97B541}
	EndGlobalSection
EndGlobal
